
Microsoft Visual Studio Solution File, Format Version 12.00
# Visual Studio Version 17
VisualStudioVersion = 17.4.33110.190
MinimumVisualStudioVersion = 10.0.40219.1
Project("{FAE04EC0-301F-11D3-BF4B-00C04F79EFBC}") = "Dice Game", "Dice Game\Dice Game.csproj", "{FA606A02-5737-480E-863D-93E4BD42B6FC}"
EndProject
Global
	GlobalSection(SolutionConfigurationPlatforms) = preSolution
		Debug|Any CPU = Debug|Any CPU
		Release|Any CPU = Release|Any CPU
	EndGlobalSection
	GlobalSection(ProjectConfigurationPlatforms) = postSolution
		{FA606A02-5737-480E-863D-93E4BD42B6FC}.Debug|Any CPU.ActiveCfg = Debug|Any CPU
		{FA606A02-5737-480E-863D-93E4BD42B6FC}.Debug|Any CPU.Build.0 = Debug|Any CPU
		{FA606A02-5737-480E-863D-93E4BD42B6FC}.Release|Any CPU.ActiveCfg = Release|Any CPU
		{FA606A02-5737-480E-863D-93E4BD42B6FC}.Release|Any CPU.Build.0 = Release|Any CPU
	EndGlobalSection
	GlobalSection(SolutionProperties) = preSolution
		HideSolutionNode = FALSE
	EndGlobalSection
	GlobalSection(ExtensibilityGlobals) = postSolution
		SolutionGuid = {180D80DA-629D-43CB-96E1-F375C571F1CE}
	EndGlobalSection
EndGlobal
